
Microsoft Visual Studio Solution File, Format Version 12.00
# Visual Studio Version 17
VisualStudioVersion = 17.2.32616.157
MinimumVisualStudioVersion = 10.0.40219.1
Project("{FAE04EC0-301F-11D3-BF4B-00C04F79EFBC}") = "DataStructuresProject", "DataStructuresProject\DataStructuresProject.csproj", "{00A3FAC6-0AC2-48FD-8781-6A9E18F1C73D}"
EndProject
Project("{FAE04EC0-301F-11D3-BF4B-00C04F79EFBC}") = "Model", "Model\Model.csproj", "{953934C6-5A9A-455F-A612-C91FE1935D4E}"
EndProject
Project("{FAE04EC0-301F-11D3-BF4B-00C04F79EFBC}") = "Service", "Service\Service.csproj", "{2A8D1C2B-EEFD-4760-A3BB-ED1239E96893}"
EndProject
Global
	GlobalSection(SolutionConfigurationPlatforms) = preSolution
		Debug|Any CPU = Debug|Any CPU
		Debug|ARM = Debug|ARM
		Debug|ARM64 = Debug|ARM64
		Debug|x64 = Debug|x64
		Debug|x86 = Debug|x86
		Release|Any CPU = Release|Any CPU
		Release|ARM = Release|ARM
		Release|ARM64 = Release|ARM64
		Release|x64 = Release|x64
		Release|x86 = Release|x86
	EndGlobalSection
	GlobalSection(ProjectConfigurationPlatforms) = postSolution
		{00A3FAC6-0AC2-48FD-8781-6A9E18F1C73D}.Debug|Any CPU.ActiveCfg = Debug|x64
		{00A3FAC6-0AC2-48FD-8781-6A9E18F1C73D}.Debug|Any CPU.Build.0 = Debug|x64
		{00A3FAC6-0AC2-48FD-8781-6A9E18F1C73D}.Debug|Any CPU.Deploy.0 = Debug|x64
		{00A3FAC6-0AC2-48FD-8781-6A9E18F1C73D}.Debug|ARM.ActiveCfg = Debug|ARM
		{00A3FAC6-0AC2-48FD-8781-6A9E18F1C73D}.Debug|ARM.Build.0 = Debug|ARM
		{00A3FAC6-0AC2-48FD-8781-6A9E18F1C73D}.Debug|ARM.Deploy.0 = Debug|ARM
		{00A3FAC6-0AC2-48FD-8781-6A9E18F1C73D}.Debug|ARM64.ActiveCfg = Debug|ARM64
		{00A3FAC6-0AC2-48FD-8781-6A9E18F1C73D}.Debug|ARM64.Build.0 = Debug|ARM64
		{00A3FAC6-0AC2-48FD-8781-6A9E18F1C73D}.Debug|ARM64.Deploy.0 = Debug|ARM64
		{00A3FAC6-0AC2-48FD-8781-6A9E18F1C73D}.Debug|x64.ActiveCfg = Debug|x64
		{00A3FAC6-0AC2-48FD-8781-6A9E18F1C73D}.Debug|x64.Build.0 = Debug|x64
		{00A3FAC6-0AC2-48FD-8781-6A9E18F1C73D}.Debug|x64.Deploy.0 = Debug|x64
		{00A3FAC6-0AC2-48FD-8781-6A9E18F1C73D}.Debug|x86.ActiveCfg = Debug|x86
		{00A3FAC6-0AC2-48FD-8781-6A9E18F1C73D}.Debug|x86.Build.0 = Debug|x86
		{00A3FAC6-0AC2-48FD-8781-6A9E18F1C73D}.Debug|x86.Deploy.0 = Debug|x86
		{00A3FAC6-0AC2-48FD-8781-6A9E18F1C73D}.Release|Any CPU.ActiveCfg = Release|x64
		{00A3FAC6-0AC2-48FD-8781-6A9E18F1C73D}.Release|Any CPU.Build.0 = Release|x64
		{00A3FAC6-0AC2-48FD-8781-6A9E18F1C73D}.Release|Any CPU.Deploy.0 = Release|x64
		{00A3FAC6-0AC2-48FD-8781-6A9E18F1C73D}.Release|ARM.ActiveCfg = Release|ARM
		{00A3FAC6-0AC2-48FD-8781-6A9E18F1C73D}.Release|ARM.Build.0 = Release|ARM
		{00A3FAC6-0AC2-48FD-8781-6A9E18F1C73D}.Release|ARM.Deploy.0 = Release|ARM
		{00A3FAC6-0AC2-48FD-8781-6A9E18F1C73D}.Release|ARM64.ActiveCfg = Release|ARM64
		{00A3FAC6-0AC2-48FD-8781-6A9E18F1C73D}.Release|ARM64.Build.0 = Release|ARM64
		{00A3FAC6-0AC2-48FD-8781-6A9E18F1C73D}.Release|ARM64.Deploy.0 = Release|ARM64
		{00A3FAC6-0AC2-48FD-8781-6A9E18F1C73D}.Release|x64.ActiveCfg = Release|x64
		{00A3FAC6-0AC2-48FD-8781-6A9E18F1C73D}.Release|x64.Build.0 = Release|x64
		{00A3FAC6-0AC2-48FD-8781-6A9E18F1C73D}.Release|x64.Deploy.0 = Release|x64
		{00A3FAC6-0AC2-48FD-8781-6A9E18F1C73D}.Release|x86.ActiveCfg = Release|x86
		{00A3FAC6-0AC2-48FD-8781-6A9E18F1C73D}.Release|x86.Build.0 = Release|x86
		{00A3FAC6-0AC2-48FD-8781-6A9E18F1C73D}.Release|x86.Deploy.0 = Release|x86
		{953934C6-5A9A-455F-A612-C91FE1935D4E}.Debug|Any CPU.ActiveCfg = Debug|Any CPU
		{953934C6-5A9A-455F-A612-C91FE1935D4E}.Debug|Any CPU.Build.0 = Debug|Any CPU
		{953934C6-5A9A-455F-A612-C91FE1935D4E}.Debug|ARM.ActiveCfg = Debug|ARM
		{953934C6-5A9A-455F-A612-C91FE1935D4E}.Debug|ARM.Build.0 = Debug|ARM
		{953934C6-5A9A-455F-A612-C91FE1935D4E}.Debug|ARM64.ActiveCfg = Debug|ARM64
		{953934C6-5A9A-455F-A612-C91FE1935D4E}.Debug|ARM64.Build.0 = Debug|ARM64
		{953934C6-5A9A-455F-A612-C91FE1935D4E}.Debug|x64.ActiveCfg = Debug|x64
		{953934C6-5A9A-455F-A612-C91FE1935D4E}.Debug|x64.Build.0 = Debug|x64
		{953934C6-5A9A-455F-A612-C91FE1935D4E}.Debug|x86.ActiveCfg = Debug|x86
		{953934C6-5A9A-455F-A612-C91FE1935D4E}.Debug|x86.Build.0 = Debug|x86
		{953934C6-5A9A-455F-A612-C91FE1935D4E}.Release|Any CPU.ActiveCfg = Release|Any CPU
		{953934C6-5A9A-455F-A612-C91FE1935D4E}.Release|Any CPU.Build.0 = Release|Any CPU
		{953934C6-5A9A-455F-A612-C91FE1935D4E}.Release|ARM.ActiveCfg = Release|ARM
		{953934C6-5A9A-455F-A612-C91FE1935D4E}.Release|ARM.Build.0 = Release|ARM
		{953934C6-5A9A-455F-A612-C91FE1935D4E}.Release|ARM64.ActiveCfg = Release|ARM64
		{953934C6-5A9A-455F-A612-C91FE1935D4E}.Release|ARM64.Build.0 = Release|ARM64
		{953934C6-5A9A-455F-A612-C91FE1935D4E}.Release|x64.ActiveCfg = Release|x64
		{953934C6-5A9A-455F-A612-C91FE1935D4E}.Release|x64.Build.0 = Release|x64
		{953934C6-5A9A-455F-A612-C91FE1935D4E}.Release|x86.ActiveCfg = Release|x86
		{953934C6-5A9A-455F-A612-C91FE1935D4E}.Release|x86.Build.0 = Release|x86
		{2A8D1C2B-EEFD-4760-A3BB-ED1239E96893}.Debug|Any CPU.ActiveCfg = Debug|Any CPU
		{2A8D1C2B-EEFD-4760-A3BB-ED1239E96893}.Debug|Any CPU.Build.0 = Debug|Any CPU
		{2A8D1C2B-EEFD-4760-A3BB-ED1239E96893}.Debug|ARM.ActiveCfg = Debug|ARM
		{2A8D1C2B-EEFD-4760-A3BB-ED1239E96893}.Debug|ARM.Build.0 = Debug|ARM
		{2A8D1C2B-EEFD-4760-A3BB-ED1239E96893}.Debug|ARM64.ActiveCfg = Debug|ARM64
		{2A8D1C2B-EEFD-4760-A3BB-ED1239E96893}.Debug|ARM64.Build.0 = Debug|ARM64
		{2A8D1C2B-EEFD-4760-A3BB-ED1239E96893}.Debug|x64.ActiveCfg = Debug|x64
		{2A8D1C2B-EEFD-4760-A3BB-ED1239E96893}.Debug|x64.Build.0 = Debug|x64
		{2A8D1C2B-EEFD-4760-A3BB-ED1239E96893}.Debug|x86.ActiveCfg = Debug|x86
		{2A8D1C2B-EEFD-4760-A3BB-ED1239E96893}.Debug|x86.Build.0 = Debug|x86
		{2A8D1C2B-EEFD-4760-A3BB-ED1239E96893}.Release|Any CPU.ActiveCfg = Release|Any CPU
		{2A8D1C2B-EEFD-4760-A3BB-ED1239E96893}.Release|Any CPU.Build.0 = Release|Any CPU
		{2A8D1C2B-EEFD-4760-A3BB-ED1239E96893}.Release|ARM.ActiveCfg = Release|ARM
		{2A8D1C2B-EEFD-4760-A3BB-ED1239E96893}.Release|ARM.Build.0 = Release|ARM
		{2A8D1C2B-EEFD-4760-A3BB-ED1239E96893}.Release|ARM64.ActiveCfg = Release|ARM64
		{2A8D1C2B-EEFD-4760-A3BB-ED1239E96893}.Release|ARM64.Build.0 = Release|ARM64
		{2A8D1C2B-EEFD-4760-A3BB-ED1239E96893}.Release|x64.ActiveCfg = Release|x64
		{2A8D1C2B-EEFD-4760-A3BB-ED1239E96893}.Release|x64.Build.0 = Release|x64
		{2A8D1C2B-EEFD-4760-A3BB-ED1239E96893}.Release|x86.ActiveCfg = Release|x86
		{2A8D1C2B-EEFD-4760-A3BB-ED1239E96893}.Release|x86.Build.0 = Release|x86
	EndGlobalSection
	GlobalSection(SolutionProperties) = preSolution
		HideSolutionNode = FALSE
	EndGlobalSection
	GlobalSection(ExtensibilityGlobals) = postSolution
		SolutionGuid = {DA2B53CE-560E-4B8E-B155-D6F1743C7737}
	EndGlobalSection
EndGlobal
